
Microsoft Visual Studio Solution File, Format Version 12.00
# Visual Studio Version 16
VisualStudioVersion = 16.0.29215.179
MinimumVisualStudioVersion = 10.0.40219.1
Project("{FAE04EC0-301F-11D3-BF4B-00C04F79EFBC}") = "Contact_Manager", "Contact_Manager\Contact_Manager.csproj", "{94299083-C689-4FEC-8657-B9A02321A000}"
EndProject
Global
	GlobalSection(SolutionConfigurationPlatforms) = preSolution
		Debug|Any CPU = Debug|Any CPU
		Release|Any CPU = Release|Any CPU
	EndGlobalSection
	GlobalSection(ProjectConfigurationPlatforms) = postSolution
		{94299083-C689-4FEC-8657-B9A02321A000}.Debug|Any CPU.ActiveCfg = Debug|Any CPU
		{94299083-C689-4FEC-8657-B9A02321A000}.Debug|Any CPU.Build.0 = Debug|Any CPU
		{94299083-C689-4FEC-8657-B9A02321A000}.Release|Any CPU.ActiveCfg = Release|Any CPU
		{94299083-C689-4FEC-8657-B9A02321A000}.Release|Any CPU.Build.0 = Release|Any CPU
	EndGlobalSection
	GlobalSection(SolutionProperties) = preSolution
		HideSolutionNode = FALSE
	EndGlobalSection
	GlobalSection(ExtensibilityGlobals) = postSolution
		SolutionGuid = {11FE3F81-1E33-4310-9D5A-F53CB16A04B7}
	EndGlobalSection
EndGlobal
